
Microsoft Visual Studio Solution File, Format Version 11.00
# Visual Studio 2010
Project("{FAE04EC0-301F-11D3-BF4B-00C04F79EFBC}") = "Assembly-CSharp-firstpass", "Assembly-CSharp-firstpass.csproj", "{3F3FE9B3-CAEC-9222-C7D8-FE1F2D8A4FD2}"
EndProject
Project("{FAE04EC0-301F-11D3-BF4B-00C04F79EFBC}") = "Assembly-CSharp", "Assembly-CSharp.csproj", "{F7E7190A-1811-D7DB-4EE7-33332575B0F7}"
EndProject
Project("{FAE04EC0-301F-11D3-BF4B-00C04F79EFBC}") = "Assembly-CSharp-Editor-firstpass", "Assembly-CSharp-Editor-firstpass.csproj", "{A76FE327-4582-4071-0718-C9250568B600}"
EndProject
Global
	GlobalSection(SolutionConfigurationPlatforms) = preSolution
		Debug|Any CPU = Debug|Any CPU
		Release|Any CPU = Release|Any CPU
	EndGlobalSection
	GlobalSection(ProjectConfigurationPlatforms) = postSolution
		{3F3FE9B3-CAEC-9222-C7D8-FE1F2D8A4FD2}.Debug|Any CPU.ActiveCfg = Debug|Any CPU
		{3F3FE9B3-CAEC-9222-C7D8-FE1F2D8A4FD2}.Debug|Any CPU.Build.0 = Debug|Any CPU
		{3F3FE9B3-CAEC-9222-C7D8-FE1F2D8A4FD2}.Release|Any CPU.ActiveCfg = Release|Any CPU
		{3F3FE9B3-CAEC-9222-C7D8-FE1F2D8A4FD2}.Release|Any CPU.Build.0 = Release|Any CPU
		{F7E7190A-1811-D7DB-4EE7-33332575B0F7}.Debug|Any CPU.ActiveCfg = Debug|Any CPU
		{F7E7190A-1811-D7DB-4EE7-33332575B0F7}.Debug|Any CPU.Build.0 = Debug|Any CPU
		{F7E7190A-1811-D7DB-4EE7-33332575B0F7}.Release|Any CPU.ActiveCfg = Release|Any CPU
		{F7E7190A-1811-D7DB-4EE7-33332575B0F7}.Release|Any CPU.Build.0 = Release|Any CPU
		{A76FE327-4582-4071-0718-C9250568B600}.Debug|Any CPU.ActiveCfg = Debug|Any CPU
		{A76FE327-4582-4071-0718-C9250568B600}.Debug|Any CPU.Build.0 = Debug|Any CPU
		{A76FE327-4582-4071-0718-C9250568B600}.Release|Any CPU.ActiveCfg = Release|Any CPU
		{A76FE327-4582-4071-0718-C9250568B600}.Release|Any CPU.Build.0 = Release|Any CPU
	EndGlobalSection
	GlobalSection(SolutionProperties) = preSolution
		HideSolutionNode = FALSE
	EndGlobalSection
EndGlobal
